
Microsoft Visual Studio Solution File, Format Version 12.00
# Visual Studio Version 17
VisualStudioVersion = 17.5.002.0
MinimumVisualStudioVersion = 10.0.40219.1
Project("{9A19103F-16F7-4668-BE54-9A1E7A4F7556}") = "FirstProject", "FirstProject\FirstProject.csproj", "{12B5190B-3F43-47F0-AC30-8E9B7562A5A8}"
EndProject
Project("{9A19103F-16F7-4668-BE54-9A1E7A4F7556}") = "Lecture2", "Lecture2\Lecture2.csproj", "{D1B10FC3-C7E6-4B6D-8331-160A21FE14B6}"
EndProject
Global
	GlobalSection(SolutionConfigurationPlatforms) = preSolution
		Debug|Any CPU = Debug|Any CPU
		Release|Any CPU = Release|Any CPU
	EndGlobalSection
	GlobalSection(ProjectConfigurationPlatforms) = postSolution
		{12B5190B-3F43-47F0-AC30-8E9B7562A5A8}.Debug|Any CPU.ActiveCfg = Debug|Any CPU
		{12B5190B-3F43-47F0-AC30-8E9B7562A5A8}.Debug|Any CPU.Build.0 = Debug|Any CPU
		{12B5190B-3F43-47F0-AC30-8E9B7562A5A8}.Release|Any CPU.ActiveCfg = Release|Any CPU
		{12B5190B-3F43-47F0-AC30-8E9B7562A5A8}.Release|Any CPU.Build.0 = Release|Any CPU
		{D1B10FC3-C7E6-4B6D-8331-160A21FE14B6}.Debug|Any CPU.ActiveCfg = Debug|Any CPU
		{D1B10FC3-C7E6-4B6D-8331-160A21FE14B6}.Debug|Any CPU.Build.0 = Debug|Any CPU
		{D1B10FC3-C7E6-4B6D-8331-160A21FE14B6}.Release|Any CPU.ActiveCfg = Release|Any CPU
		{D1B10FC3-C7E6-4B6D-8331-160A21FE14B6}.Release|Any CPU.Build.0 = Release|Any CPU
	EndGlobalSection
	GlobalSection(SolutionProperties) = preSolution
		HideSolutionNode = FALSE
	EndGlobalSection
	GlobalSection(ExtensibilityGlobals) = postSolution
		SolutionGuid = {760F6630-C40A-44CC-8B55-7573B1EC58B0}
	EndGlobalSection
EndGlobal
